
Microsoft Visual Studio Solution File, Format Version 12.00
# Visual Studio Version 16
VisualStudioVersion = 16.0.30503.244
MinimumVisualStudioVersion = 10.0.40219.1
Project("{FAE04EC0-301F-11D3-BF4B-00C04F79EFBC}") = "ConsoleApp2", "ConsoleApp2\ConsoleApp2.csproj", "{BDA24DB3-5FB1-4FCF-B442-A1914E0ED5B5}"
EndProject
Global
	GlobalSection(SolutionConfigurationPlatforms) = preSolution
		Debug|Any CPU = Debug|Any CPU
		Release|Any CPU = Release|Any CPU
	EndGlobalSection
	GlobalSection(ProjectConfigurationPlatforms) = postSolution
		{BDA24DB3-5FB1-4FCF-B442-A1914E0ED5B5}.Debug|Any CPU.ActiveCfg = Debug|Any CPU
		{BDA24DB3-5FB1-4FCF-B442-A1914E0ED5B5}.Debug|Any CPU.Build.0 = Debug|Any CPU
		{BDA24DB3-5FB1-4FCF-B442-A1914E0ED5B5}.Release|Any CPU.ActiveCfg = Release|Any CPU
		{BDA24DB3-5FB1-4FCF-B442-A1914E0ED5B5}.Release|Any CPU.Build.0 = Release|Any CPU
	EndGlobalSection
	GlobalSection(SolutionProperties) = preSolution
		HideSolutionNode = FALSE
	EndGlobalSection
	GlobalSection(ExtensibilityGlobals) = postSolution
		SolutionGuid = {0F3595CC-6B68-4F84-B7C9-506153C7E9D8}
	EndGlobalSection
EndGlobal
